
Microsoft Visual Studio Solution File, Format Version 12.00
# Visual Studio Version 17
VisualStudioVersion = 17.1.32407.343
MinimumVisualStudioVersion = 10.0.40219.1
Project("{9A19103F-16F7-4668-BE54-9A1E7A4F7556}") = "PolyhydraGames.Ollama", "PolyhydraGames.Ollama\PolyhydraGames.Ollama.csproj", "{3AF9C6F8-F1C6-4529-9460-D69B59150B93}"
EndProject
Project("{9A19103F-16F7-4668-BE54-9A1E7A4F7556}") = "PolyhydraGames.Ollama.Test", "PolyhydraGames.Ollama.Test\PolyhydraGames.Ollama.Test.csproj", "{7DF6C806-6B0F-4994-91EB-44206549333B}"
EndProject
Project("{9A19103F-16F7-4668-BE54-9A1E7A4F7556}") = "PolyhydraGames.AI.Interfaces", "Interfaces\PolyhydraGames.AI.Interfaces.csproj", "{878AFD1D-21F9-437B-9218-CBF099751DD5}"
EndProject
Project("{9A19103F-16F7-4668-BE54-9A1E7A4F7556}") = "PolyhydraGames.AI.WebApi", "WebApi\PolyhydraGames.AI.WebApi.csproj", "{710128CF-10A5-48F9-A1BF-BF3AD40F8B9D}"
EndProject
Project("{9A19103F-16F7-4668-BE54-9A1E7A4F7556}") = "Api.ChatGPT", "ChatGPT\Api.ChatGPT.csproj", "{AB4C11CB-A1D7-4AB5-952E-2D4C32E67455}"
EndProject
Project("{2150E333-8FDC-42A3-9474-1A3956D46DE8}") = "3rdParty", "3rdParty", "{1CFDF249-E41A-4B3B-8E25-4C39F1A25C45}"
EndProject
Global
	GlobalSection(SolutionConfigurationPlatforms) = preSolution
		Debug|Any CPU = Debug|Any CPU
		Debug|ARM = Debug|ARM
		Debug|iPhone = Debug|iPhone
		Debug|iPhoneSimulator = Debug|iPhoneSimulator
		Debug|x64 = Debug|x64
		Debug|x86 = Debug|x86
		Release|Any CPU = Release|Any CPU
		Release|ARM = Release|ARM
		Release|iPhone = Release|iPhone
		Release|iPhoneSimulator = Release|iPhoneSimulator
		Release|x64 = Release|x64
		Release|x86 = Release|x86
	EndGlobalSection
	GlobalSection(ProjectConfigurationPlatforms) = postSolution
		{3AF9C6F8-F1C6-4529-9460-D69B59150B93}.Debug|Any CPU.ActiveCfg = Debug|Any CPU
		{3AF9C6F8-F1C6-4529-9460-D69B59150B93}.Debug|Any CPU.Build.0 = Debug|Any CPU
		{3AF9C6F8-F1C6-4529-9460-D69B59150B93}.Debug|ARM.ActiveCfg = Debug|Any CPU
		{3AF9C6F8-F1C6-4529-9460-D69B59150B93}.Debug|ARM.Build.0 = Debug|Any CPU
		{3AF9C6F8-F1C6-4529-9460-D69B59150B93}.Debug|iPhone.ActiveCfg = Debug|Any CPU
		{3AF9C6F8-F1C6-4529-9460-D69B59150B93}.Debug|iPhone.Build.0 = Debug|Any CPU
		{3AF9C6F8-F1C6-4529-9460-D69B59150B93}.Debug|iPhoneSimulator.ActiveCfg = Debug|Any CPU
		{3AF9C6F8-F1C6-4529-9460-D69B59150B93}.Debug|iPhoneSimulator.Build.0 = Debug|Any CPU
		{3AF9C6F8-F1C6-4529-9460-D69B59150B93}.Debug|x64.ActiveCfg = Debug|Any CPU
		{3AF9C6F8-F1C6-4529-9460-D69B59150B93}.Debug|x64.Build.0 = Debug|Any CPU
		{3AF9C6F8-F1C6-4529-9460-D69B59150B93}.Debug|x86.ActiveCfg = Debug|Any CPU
		{3AF9C6F8-F1C6-4529-9460-D69B59150B93}.Debug|x86.Build.0 = Debug|Any CPU
		{3AF9C6F8-F1C6-4529-9460-D69B59150B93}.Release|Any CPU.ActiveCfg = Release|Any CPU
		{3AF9C6F8-F1C6-4529-9460-D69B59150B93}.Release|Any CPU.Build.0 = Release|Any CPU
		{3AF9C6F8-F1C6-4529-9460-D69B59150B93}.Release|ARM.ActiveCfg = Release|Any CPU
		{3AF9C6F8-F1C6-4529-9460-D69B59150B93}.Release|ARM.Build.0 = Release|Any CPU
		{3AF9C6F8-F1C6-4529-9460-D69B59150B93}.Release|iPhone.ActiveCfg = Release|Any CPU
		{3AF9C6F8-F1C6-4529-9460-D69B59150B93}.Release|iPhone.Build.0 = Release|Any CPU
		{3AF9C6F8-F1C6-4529-9460-D69B59150B93}.Release|iPhoneSimulator.ActiveCfg = Release|Any CPU
		{3AF9C6F8-F1C6-4529-9460-D69B59150B93}.Release|iPhoneSimulator.Build.0 = Release|Any CPU
		{3AF9C6F8-F1C6-4529-9460-D69B59150B93}.Release|x64.ActiveCfg = Release|Any CPU
		{3AF9C6F8-F1C6-4529-9460-D69B59150B93}.Release|x64.Build.0 = Release|Any CPU
		{3AF9C6F8-F1C6-4529-9460-D69B59150B93}.Release|x86.ActiveCfg = Release|Any CPU
		{3AF9C6F8-F1C6-4529-9460-D69B59150B93}.Release|x86.Build.0 = Release|Any CPU
		{7DF6C806-6B0F-4994-91EB-44206549333B}.Debug|Any CPU.ActiveCfg = Debug|Any CPU
		{7DF6C806-6B0F-4994-91EB-44206549333B}.Debug|Any CPU.Build.0 = Debug|Any CPU
		{7DF6C806-6B0F-4994-91EB-44206549333B}.Debug|ARM.ActiveCfg = Debug|Any CPU
		{7DF6C806-6B0F-4994-91EB-44206549333B}.Debug|ARM.Build.0 = Debug|Any CPU
		{7DF6C806-6B0F-4994-91EB-44206549333B}.Debug|iPhone.ActiveCfg = Debug|Any CPU
		{7DF6C806-6B0F-4994-91EB-44206549333B}.Debug|iPhone.Build.0 = Debug|Any CPU
		{7DF6C806-6B0F-4994-91EB-44206549333B}.Debug|iPhoneSimulator.ActiveCfg = Debug|Any CPU
		{7DF6C806-6B0F-4994-91EB-44206549333B}.Debug|iPhoneSimulator.Build.0 = Debug|Any CPU
		{7DF6C806-6B0F-4994-91EB-44206549333B}.Debug|x64.ActiveCfg = Debug|Any CPU
		{7DF6C806-6B0F-4994-91EB-44206549333B}.Debug|x64.Build.0 = Debug|Any CPU
		{7DF6C806-6B0F-4994-91EB-44206549333B}.Debug|x86.ActiveCfg = Debug|Any CPU
		{7DF6C806-6B0F-4994-91EB-44206549333B}.Debug|x86.Build.0 = Debug|Any CPU
		{7DF6C806-6B0F-4994-91EB-44206549333B}.Release|Any CPU.ActiveCfg = Release|Any CPU
		{7DF6C806-6B0F-4994-91EB-44206549333B}.Release|Any CPU.Build.0 = Release|Any CPU
		{7DF6C806-6B0F-4994-91EB-44206549333B}.Release|ARM.ActiveCfg = Release|Any CPU
		{7DF6C806-6B0F-4994-91EB-44206549333B}.Release|ARM.Build.0 = Release|Any CPU
		{7DF6C806-6B0F-4994-91EB-44206549333B}.Release|iPhone.ActiveCfg = Release|Any CPU
		{7DF6C806-6B0F-4994-91EB-44206549333B}.Release|iPhone.Build.0 = Release|Any CPU
		{7DF6C806-6B0F-4994-91EB-44206549333B}.Release|iPhoneSimulator.ActiveCfg = Release|Any CPU
		{7DF6C806-6B0F-4994-91EB-44206549333B}.Release|iPhoneSimulator.Build.0 = Release|Any CPU
		{7DF6C806-6B0F-4994-91EB-44206549333B}.Release|x64.ActiveCfg = Release|Any CPU
		{7DF6C806-6B0F-4994-91EB-44206549333B}.Release|x64.Build.0 = Release|Any CPU
		{7DF6C806-6B0F-4994-91EB-44206549333B}.Release|x86.ActiveCfg = Release|Any CPU
		{7DF6C806-6B0F-4994-91EB-44206549333B}.Release|x86.Build.0 = Release|Any CPU
		{878AFD1D-21F9-437B-9218-CBF099751DD5}.Debug|Any CPU.ActiveCfg = Debug|Any CPU
		{878AFD1D-21F9-437B-9218-CBF099751DD5}.Debug|Any CPU.Build.0 = Debug|Any CPU
		{878AFD1D-21F9-437B-9218-CBF099751DD5}.Debug|ARM.ActiveCfg = Debug|Any CPU
		{878AFD1D-21F9-437B-9218-CBF099751DD5}.Debug|ARM.Build.0 = Debug|Any CPU
		{878AFD1D-21F9-437B-9218-CBF099751DD5}.Debug|iPhone.ActiveCfg = Debug|Any CPU
		{878AFD1D-21F9-437B-9218-CBF099751DD5}.Debug|iPhone.Build.0 = Debug|Any CPU
		{878AFD1D-21F9-437B-9218-CBF099751DD5}.Debug|iPhoneSimulator.ActiveCfg = Debug|Any CPU
		{878AFD1D-21F9-437B-9218-CBF099751DD5}.Debug|iPhoneSimulator.Build.0 = Debug|Any CPU
		{878AFD1D-21F9-437B-9218-CBF099751DD5}.Debug|x64.ActiveCfg = Debug|Any CPU
		{878AFD1D-21F9-437B-9218-CBF099751DD5}.Debug|x64.Build.0 = Debug|Any CPU
		{878AFD1D-21F9-437B-9218-CBF099751DD5}.Debug|x86.ActiveCfg = Debug|Any CPU
		{878AFD1D-21F9-437B-9218-CBF099751DD5}.Debug|x86.Build.0 = Debug|Any CPU
		{878AFD1D-21F9-437B-9218-CBF099751DD5}.Release|Any CPU.ActiveCfg = Release|Any CPU
		{878AFD1D-21F9-437B-9218-CBF099751DD5}.Release|Any CPU.Build.0 = Release|Any CPU
		{878AFD1D-21F9-437B-9218-CBF099751DD5}.Release|ARM.ActiveCfg = Release|Any CPU
		{878AFD1D-21F9-437B-9218-CBF099751DD5}.Release|ARM.Build.0 = Release|Any CPU
		{878AFD1D-21F9-437B-9218-CBF099751DD5}.Release|iPhone.ActiveCfg = Release|Any CPU
		{878AFD1D-21F9-437B-9218-CBF099751DD5}.Release|iPhone.Build.0 = Release|Any CPU
		{878AFD1D-21F9-437B-9218-CBF099751DD5}.Release|iPhoneSimulator.ActiveCfg = Release|Any CPU
		{878AFD1D-21F9-437B-9218-CBF099751DD5}.Release|iPhoneSimulator.Build.0 = Release|Any CPU
		{878AFD1D-21F9-437B-9218-CBF099751DD5}.Release|x64.ActiveCfg = Release|Any CPU
		{878AFD1D-21F9-437B-9218-CBF099751DD5}.Release|x64.Build.0 = Release|Any CPU
		{878AFD1D-21F9-437B-9218-CBF099751DD5}.Release|x86.ActiveCfg = Release|Any CPU
		{878AFD1D-21F9-437B-9218-CBF099751DD5}.Release|x86.Build.0 = Release|Any CPU
		{710128CF-10A5-48F9-A1BF-BF3AD40F8B9D}.Debug|Any CPU.ActiveCfg = Debug|Any CPU
		{710128CF-10A5-48F9-A1BF-BF3AD40F8B9D}.Debug|Any CPU.Build.0 = Debug|Any CPU
		{710128CF-10A5-48F9-A1BF-BF3AD40F8B9D}.Debug|ARM.ActiveCfg = Debug|Any CPU
		{710128CF-10A5-48F9-A1BF-BF3AD40F8B9D}.Debug|ARM.Build.0 = Debug|Any CPU
		{710128CF-10A5-48F9-A1BF-BF3AD40F8B9D}.Debug|iPhone.ActiveCfg = Debug|Any CPU
		{710128CF-10A5-48F9-A1BF-BF3AD40F8B9D}.Debug|iPhone.Build.0 = Debug|Any CPU
		{710128CF-10A5-48F9-A1BF-BF3AD40F8B9D}.Debug|iPhoneSimulator.ActiveCfg = Debug|Any CPU
		{710128CF-10A5-48F9-A1BF-BF3AD40F8B9D}.Debug|iPhoneSimulator.Build.0 = Debug|Any CPU
		{710128CF-10A5-48F9-A1BF-BF3AD40F8B9D}.Debug|x64.ActiveCfg = Debug|Any CPU
		{710128CF-10A5-48F9-A1BF-BF3AD40F8B9D}.Debug|x64.Build.0 = Debug|Any CPU
		{710128CF-10A5-48F9-A1BF-BF3AD40F8B9D}.Debug|x86.ActiveCfg = Debug|Any CPU
		{710128CF-10A5-48F9-A1BF-BF3AD40F8B9D}.Debug|x86.Build.0 = Debug|Any CPU
		{710128CF-10A5-48F9-A1BF-BF3AD40F8B9D}.Release|Any CPU.ActiveCfg = Release|Any CPU
		{710128CF-10A5-48F9-A1BF-BF3AD40F8B9D}.Release|Any CPU.Build.0 = Release|Any CPU
		{710128CF-10A5-48F9-A1BF-BF3AD40F8B9D}.Release|ARM.ActiveCfg = Release|Any CPU
		{710128CF-10A5-48F9-A1BF-BF3AD40F8B9D}.Release|ARM.Build.0 = Release|Any CPU
		{710128CF-10A5-48F9-A1BF-BF3AD40F8B9D}.Release|iPhone.ActiveCfg = Release|Any CPU
		{710128CF-10A5-48F9-A1BF-BF3AD40F8B9D}.Release|iPhone.Build.0 = Release|Any CPU
		{710128CF-10A5-48F9-A1BF-BF3AD40F8B9D}.Release|iPhoneSimulator.ActiveCfg = Release|Any CPU
		{710128CF-10A5-48F9-A1BF-BF3AD40F8B9D}.Release|iPhoneSimulator.Build.0 = Release|Any CPU
		{710128CF-10A5-48F9-A1BF-BF3AD40F8B9D}.Release|x64.ActiveCfg = Release|Any CPU
		{710128CF-10A5-48F9-A1BF-BF3AD40F8B9D}.Release|x64.Build.0 = Release|Any CPU
		{710128CF-10A5-48F9-A1BF-BF3AD40F8B9D}.Release|x86.ActiveCfg = Release|Any CPU
		{710128CF-10A5-48F9-A1BF-BF3AD40F8B9D}.Release|x86.Build.0 = Release|Any CPU
		{AB4C11CB-A1D7-4AB5-952E-2D4C32E67455}.Debug|Any CPU.ActiveCfg = Debug|Any CPU
		{AB4C11CB-A1D7-4AB5-952E-2D4C32E67455}.Debug|Any CPU.Build.0 = Debug|Any CPU
		{AB4C11CB-A1D7-4AB5-952E-2D4C32E67455}.Debug|ARM.ActiveCfg = Debug|Any CPU
		{AB4C11CB-A1D7-4AB5-952E-2D4C32E67455}.Debug|ARM.Build.0 = Debug|Any CPU
		{AB4C11CB-A1D7-4AB5-952E-2D4C32E67455}.Debug|iPhone.ActiveCfg = Debug|Any CPU
		{AB4C11CB-A1D7-4AB5-952E-2D4C32E67455}.Debug|iPhone.Build.0 = Debug|Any CPU
		{AB4C11CB-A1D7-4AB5-952E-2D4C32E67455}.Debug|iPhoneSimulator.ActiveCfg = Debug|Any CPU
		{AB4C11CB-A1D7-4AB5-952E-2D4C32E67455}.Debug|iPhoneSimulator.Build.0 = Debug|Any CPU
		{AB4C11CB-A1D7-4AB5-952E-2D4C32E67455}.Debug|x64.ActiveCfg = Debug|Any CPU
		{AB4C11CB-A1D7-4AB5-952E-2D4C32E67455}.Debug|x64.Build.0 = Debug|Any CPU
		{AB4C11CB-A1D7-4AB5-952E-2D4C32E67455}.Debug|x86.ActiveCfg = Debug|Any CPU
		{AB4C11CB-A1D7-4AB5-952E-2D4C32E67455}.Debug|x86.Build.0 = Debug|Any CPU
		{AB4C11CB-A1D7-4AB5-952E-2D4C32E67455}.Release|Any CPU.ActiveCfg = Release|Any CPU
		{AB4C11CB-A1D7-4AB5-952E-2D4C32E67455}.Release|Any CPU.Build.0 = Release|Any CPU
		{AB4C11CB-A1D7-4AB5-952E-2D4C32E67455}.Release|ARM.ActiveCfg = Release|Any CPU
		{AB4C11CB-A1D7-4AB5-952E-2D4C32E67455}.Release|ARM.Build.0 = Release|Any CPU
		{AB4C11CB-A1D7-4AB5-952E-2D4C32E67455}.Release|iPhone.ActiveCfg = Release|Any CPU
		{AB4C11CB-A1D7-4AB5-952E-2D4C32E67455}.Release|iPhone.Build.0 = Release|Any CPU
		{AB4C11CB-A1D7-4AB5-952E-2D4C32E67455}.Release|iPhoneSimulator.ActiveCfg = Release|Any CPU
		{AB4C11CB-A1D7-4AB5-952E-2D4C32E67455}.Release|iPhoneSimulator.Build.0 = Release|Any CPU
		{AB4C11CB-A1D7-4AB5-952E-2D4C32E67455}.Release|x64.ActiveCfg = Release|Any CPU
		{AB4C11CB-A1D7-4AB5-952E-2D4C32E67455}.Release|x64.Build.0 = Release|Any CPU
		{AB4C11CB-A1D7-4AB5-952E-2D4C32E67455}.Release|x86.ActiveCfg = Release|Any CPU
		{AB4C11CB-A1D7-4AB5-952E-2D4C32E67455}.Release|x86.Build.0 = Release|Any CPU
	EndGlobalSection
	GlobalSection(SolutionProperties) = preSolution
		HideSolutionNode = FALSE
	EndGlobalSection
	GlobalSection(NestedProjects) = preSolution
		{3AF9C6F8-F1C6-4529-9460-D69B59150B93} = {1CFDF249-E41A-4B3B-8E25-4C39F1A25C45}
		{AB4C11CB-A1D7-4AB5-952E-2D4C32E67455} = {1CFDF249-E41A-4B3B-8E25-4C39F1A25C45}
	EndGlobalSection
	GlobalSection(ExtensibilityGlobals) = postSolution
		SolutionGuid = {01089630-CFF5-4922-B5EF-A5825D3A5E16}
	EndGlobalSection
EndGlobal
