
Microsoft Visual Studio Solution File, Format Version 12.00
# Visual Studio Version 17
VisualStudioVersion = 17.1.32407.343
MinimumVisualStudioVersion = 10.0.40219.1
Project("{9A19103F-16F7-4668-BE54-9A1E7A4F7556}") = "PolyhydraGames.AI", "Interfaces\PolyhydraGames.AI.csproj", "{878AFD1D-21F9-437B-9218-CBF099751DD5}"
EndProject
Project("{9A19103F-16F7-4668-BE54-9A1E7A4F7556}") = "PolyhydraGames.AI.WebApi", "WebApi\PolyhydraGames.AI.WebApi.csproj", "{710128CF-10A5-48F9-A1BF-BF3AD40F8B9D}"
EndProject
Project("{9A19103F-16F7-4668-BE54-9A1E7A4F7556}") = "Api.ChatGPT", "ChatGPT\Api.ChatGPT.csproj", "{AB4C11CB-A1D7-4AB5-952E-2D4C32E67455}"
EndProject
Project("{2150E333-8FDC-42A3-9474-1A3956D46DE8}") = "3rdParty", "3rdParty", "{1CFDF249-E41A-4B3B-8E25-4C39F1A25C45}"
EndProject
Project("{9A19103F-16F7-4668-BE54-9A1E7A4F7556}") = "Ollama", "Ollama\Ollama.csproj", "{1BBB17BD-B997-4526-B531-FE437C6E97D5}"
EndProject
Project("{9A19103F-16F7-4668-BE54-9A1E7A4F7556}") = "PolyhydraGames.3rdParty.AI.Test", "Ollama.Test\PolyhydraGames.3rdParty.AI.Test.csproj", "{E960D8C7-0CA7-471D-A12A-0B69C9DDE57E}"
EndProject
Project("{9A19103F-16F7-4668-BE54-9A1E7A4F7556}") = "PolyhydraGames.AI.Rest", "Rest\PolyhydraGames.AI.Rest.csproj", "{30A1964A-C6A7-4C34-AD84-A63A6CD0EAAB}"
EndProject
Project("{2150E333-8FDC-42A3-9474-1A3956D46DE8}") = ".pipelines", ".pipelines", "{D9DBF87C-FF7D-4F9D-B5A0-6C309A5583E7}"
	ProjectSection(SolutionItems) = preProject
		.pipelines\PolyhydraGames.AI.WebApi.yml = .pipelines\PolyhydraGames.AI.WebApi.yml
		.pipelines\PolyhydraGames.AI.yml = .pipelines\PolyhydraGames.AI.yml
		.pipelines\PolyhydraGames.Api.Ollama.yml = .pipelines\PolyhydraGames.Api.Ollama.yml
	EndProjectSection
EndProject
Project("{9A19103F-16F7-4668-BE54-9A1E7A4F7556}") = "PolyhydraGames.AI.Test", "Test\PolyhydraGames.AI.Test.csproj", "{C003101B-9B67-4405-9675-7DC95165A523}"
EndProject
Global
	GlobalSection(SolutionConfigurationPlatforms) = preSolution
		Debug|Any CPU = Debug|Any CPU
		Debug|ARM = Debug|ARM
		Debug|iPhone = Debug|iPhone
		Debug|iPhoneSimulator = Debug|iPhoneSimulator
		Debug|x64 = Debug|x64
		Debug|x86 = Debug|x86
		Release|Any CPU = Release|Any CPU
		Release|ARM = Release|ARM
		Release|iPhone = Release|iPhone
		Release|iPhoneSimulator = Release|iPhoneSimulator
		Release|x64 = Release|x64
		Release|x86 = Release|x86
	EndGlobalSection
	GlobalSection(ProjectConfigurationPlatforms) = postSolution
		{878AFD1D-21F9-437B-9218-CBF099751DD5}.Debug|Any CPU.ActiveCfg = Debug|Any CPU
		{878AFD1D-21F9-437B-9218-CBF099751DD5}.Debug|Any CPU.Build.0 = Debug|Any CPU
		{878AFD1D-21F9-437B-9218-CBF099751DD5}.Debug|ARM.ActiveCfg = Debug|Any CPU
		{878AFD1D-21F9-437B-9218-CBF099751DD5}.Debug|ARM.Build.0 = Debug|Any CPU
		{878AFD1D-21F9-437B-9218-CBF099751DD5}.Debug|iPhone.ActiveCfg = Debug|Any CPU
		{878AFD1D-21F9-437B-9218-CBF099751DD5}.Debug|iPhone.Build.0 = Debug|Any CPU
		{878AFD1D-21F9-437B-9218-CBF099751DD5}.Debug|iPhoneSimulator.ActiveCfg = Debug|Any CPU
		{878AFD1D-21F9-437B-9218-CBF099751DD5}.Debug|iPhoneSimulator.Build.0 = Debug|Any CPU
		{878AFD1D-21F9-437B-9218-CBF099751DD5}.Debug|x64.ActiveCfg = Debug|Any CPU
		{878AFD1D-21F9-437B-9218-CBF099751DD5}.Debug|x64.Build.0 = Debug|Any CPU
		{878AFD1D-21F9-437B-9218-CBF099751DD5}.Debug|x86.ActiveCfg = Debug|Any CPU
		{878AFD1D-21F9-437B-9218-CBF099751DD5}.Debug|x86.Build.0 = Debug|Any CPU
		{878AFD1D-21F9-437B-9218-CBF099751DD5}.Release|Any CPU.ActiveCfg = Release|Any CPU
		{878AFD1D-21F9-437B-9218-CBF099751DD5}.Release|Any CPU.Build.0 = Release|Any CPU
		{878AFD1D-21F9-437B-9218-CBF099751DD5}.Release|ARM.ActiveCfg = Release|Any CPU
		{878AFD1D-21F9-437B-9218-CBF099751DD5}.Release|ARM.Build.0 = Release|Any CPU
		{878AFD1D-21F9-437B-9218-CBF099751DD5}.Release|iPhone.ActiveCfg = Release|Any CPU
		{878AFD1D-21F9-437B-9218-CBF099751DD5}.Release|iPhone.Build.0 = Release|Any CPU
		{878AFD1D-21F9-437B-9218-CBF099751DD5}.Release|iPhoneSimulator.ActiveCfg = Release|Any CPU
		{878AFD1D-21F9-437B-9218-CBF099751DD5}.Release|iPhoneSimulator.Build.0 = Release|Any CPU
		{878AFD1D-21F9-437B-9218-CBF099751DD5}.Release|x64.ActiveCfg = Release|Any CPU
		{878AFD1D-21F9-437B-9218-CBF099751DD5}.Release|x64.Build.0 = Release|Any CPU
		{878AFD1D-21F9-437B-9218-CBF099751DD5}.Release|x86.ActiveCfg = Release|Any CPU
		{878AFD1D-21F9-437B-9218-CBF099751DD5}.Release|x86.Build.0 = Release|Any CPU
		{710128CF-10A5-48F9-A1BF-BF3AD40F8B9D}.Debug|Any CPU.ActiveCfg = Debug|Any CPU
		{710128CF-10A5-48F9-A1BF-BF3AD40F8B9D}.Debug|Any CPU.Build.0 = Debug|Any CPU
		{710128CF-10A5-48F9-A1BF-BF3AD40F8B9D}.Debug|ARM.ActiveCfg = Debug|Any CPU
		{710128CF-10A5-48F9-A1BF-BF3AD40F8B9D}.Debug|ARM.Build.0 = Debug|Any CPU
		{710128CF-10A5-48F9-A1BF-BF3AD40F8B9D}.Debug|iPhone.ActiveCfg = Debug|Any CPU
		{710128CF-10A5-48F9-A1BF-BF3AD40F8B9D}.Debug|iPhone.Build.0 = Debug|Any CPU
		{710128CF-10A5-48F9-A1BF-BF3AD40F8B9D}.Debug|iPhoneSimulator.ActiveCfg = Debug|Any CPU
		{710128CF-10A5-48F9-A1BF-BF3AD40F8B9D}.Debug|iPhoneSimulator.Build.0 = Debug|Any CPU
		{710128CF-10A5-48F9-A1BF-BF3AD40F8B9D}.Debug|x64.ActiveCfg = Debug|Any CPU
		{710128CF-10A5-48F9-A1BF-BF3AD40F8B9D}.Debug|x64.Build.0 = Debug|Any CPU
		{710128CF-10A5-48F9-A1BF-BF3AD40F8B9D}.Debug|x86.ActiveCfg = Debug|Any CPU
		{710128CF-10A5-48F9-A1BF-BF3AD40F8B9D}.Debug|x86.Build.0 = Debug|Any CPU
		{710128CF-10A5-48F9-A1BF-BF3AD40F8B9D}.Release|Any CPU.ActiveCfg = Release|Any CPU
		{710128CF-10A5-48F9-A1BF-BF3AD40F8B9D}.Release|Any CPU.Build.0 = Release|Any CPU
		{710128CF-10A5-48F9-A1BF-BF3AD40F8B9D}.Release|ARM.ActiveCfg = Release|Any CPU
		{710128CF-10A5-48F9-A1BF-BF3AD40F8B9D}.Release|ARM.Build.0 = Release|Any CPU
		{710128CF-10A5-48F9-A1BF-BF3AD40F8B9D}.Release|iPhone.ActiveCfg = Release|Any CPU
		{710128CF-10A5-48F9-A1BF-BF3AD40F8B9D}.Release|iPhone.Build.0 = Release|Any CPU
		{710128CF-10A5-48F9-A1BF-BF3AD40F8B9D}.Release|iPhoneSimulator.ActiveCfg = Release|Any CPU
		{710128CF-10A5-48F9-A1BF-BF3AD40F8B9D}.Release|iPhoneSimulator.Build.0 = Release|Any CPU
		{710128CF-10A5-48F9-A1BF-BF3AD40F8B9D}.Release|x64.ActiveCfg = Release|Any CPU
		{710128CF-10A5-48F9-A1BF-BF3AD40F8B9D}.Release|x64.Build.0 = Release|Any CPU
		{710128CF-10A5-48F9-A1BF-BF3AD40F8B9D}.Release|x86.ActiveCfg = Release|Any CPU
		{710128CF-10A5-48F9-A1BF-BF3AD40F8B9D}.Release|x86.Build.0 = Release|Any CPU
		{AB4C11CB-A1D7-4AB5-952E-2D4C32E67455}.Debug|Any CPU.ActiveCfg = Debug|Any CPU
		{AB4C11CB-A1D7-4AB5-952E-2D4C32E67455}.Debug|Any CPU.Build.0 = Debug|Any CPU
		{AB4C11CB-A1D7-4AB5-952E-2D4C32E67455}.Debug|ARM.ActiveCfg = Debug|Any CPU
		{AB4C11CB-A1D7-4AB5-952E-2D4C32E67455}.Debug|ARM.Build.0 = Debug|Any CPU
		{AB4C11CB-A1D7-4AB5-952E-2D4C32E67455}.Debug|iPhone.ActiveCfg = Debug|Any CPU
		{AB4C11CB-A1D7-4AB5-952E-2D4C32E67455}.Debug|iPhone.Build.0 = Debug|Any CPU
		{AB4C11CB-A1D7-4AB5-952E-2D4C32E67455}.Debug|iPhoneSimulator.ActiveCfg = Debug|Any CPU
		{AB4C11CB-A1D7-4AB5-952E-2D4C32E67455}.Debug|iPhoneSimulator.Build.0 = Debug|Any CPU
		{AB4C11CB-A1D7-4AB5-952E-2D4C32E67455}.Debug|x64.ActiveCfg = Debug|Any CPU
		{AB4C11CB-A1D7-4AB5-952E-2D4C32E67455}.Debug|x64.Build.0 = Debug|Any CPU
		{AB4C11CB-A1D7-4AB5-952E-2D4C32E67455}.Debug|x86.ActiveCfg = Debug|Any CPU
		{AB4C11CB-A1D7-4AB5-952E-2D4C32E67455}.Debug|x86.Build.0 = Debug|Any CPU
		{AB4C11CB-A1D7-4AB5-952E-2D4C32E67455}.Release|Any CPU.ActiveCfg = Release|Any CPU
		{AB4C11CB-A1D7-4AB5-952E-2D4C32E67455}.Release|Any CPU.Build.0 = Release|Any CPU
		{AB4C11CB-A1D7-4AB5-952E-2D4C32E67455}.Release|ARM.ActiveCfg = Release|Any CPU
		{AB4C11CB-A1D7-4AB5-952E-2D4C32E67455}.Release|ARM.Build.0 = Release|Any CPU
		{AB4C11CB-A1D7-4AB5-952E-2D4C32E67455}.Release|iPhone.ActiveCfg = Release|Any CPU
		{AB4C11CB-A1D7-4AB5-952E-2D4C32E67455}.Release|iPhone.Build.0 = Release|Any CPU
		{AB4C11CB-A1D7-4AB5-952E-2D4C32E67455}.Release|iPhoneSimulator.ActiveCfg = Release|Any CPU
		{AB4C11CB-A1D7-4AB5-952E-2D4C32E67455}.Release|iPhoneSimulator.Build.0 = Release|Any CPU
		{AB4C11CB-A1D7-4AB5-952E-2D4C32E67455}.Release|x64.ActiveCfg = Release|Any CPU
		{AB4C11CB-A1D7-4AB5-952E-2D4C32E67455}.Release|x64.Build.0 = Release|Any CPU
		{AB4C11CB-A1D7-4AB5-952E-2D4C32E67455}.Release|x86.ActiveCfg = Release|Any CPU
		{AB4C11CB-A1D7-4AB5-952E-2D4C32E67455}.Release|x86.Build.0 = Release|Any CPU
		{1BBB17BD-B997-4526-B531-FE437C6E97D5}.Debug|Any CPU.ActiveCfg = Debug|Any CPU
		{1BBB17BD-B997-4526-B531-FE437C6E97D5}.Debug|Any CPU.Build.0 = Debug|Any CPU
		{1BBB17BD-B997-4526-B531-FE437C6E97D5}.Debug|ARM.ActiveCfg = Debug|Any CPU
		{1BBB17BD-B997-4526-B531-FE437C6E97D5}.Debug|ARM.Build.0 = Debug|Any CPU
		{1BBB17BD-B997-4526-B531-FE437C6E97D5}.Debug|iPhone.ActiveCfg = Debug|Any CPU
		{1BBB17BD-B997-4526-B531-FE437C6E97D5}.Debug|iPhone.Build.0 = Debug|Any CPU
		{1BBB17BD-B997-4526-B531-FE437C6E97D5}.Debug|iPhoneSimulator.ActiveCfg = Debug|Any CPU
		{1BBB17BD-B997-4526-B531-FE437C6E97D5}.Debug|iPhoneSimulator.Build.0 = Debug|Any CPU
		{1BBB17BD-B997-4526-B531-FE437C6E97D5}.Debug|x64.ActiveCfg = Debug|Any CPU
		{1BBB17BD-B997-4526-B531-FE437C6E97D5}.Debug|x64.Build.0 = Debug|Any CPU
		{1BBB17BD-B997-4526-B531-FE437C6E97D5}.Debug|x86.ActiveCfg = Debug|Any CPU
		{1BBB17BD-B997-4526-B531-FE437C6E97D5}.Debug|x86.Build.0 = Debug|Any CPU
		{1BBB17BD-B997-4526-B531-FE437C6E97D5}.Release|Any CPU.ActiveCfg = Release|Any CPU
		{1BBB17BD-B997-4526-B531-FE437C6E97D5}.Release|Any CPU.Build.0 = Release|Any CPU
		{1BBB17BD-B997-4526-B531-FE437C6E97D5}.Release|ARM.ActiveCfg = Release|Any CPU
		{1BBB17BD-B997-4526-B531-FE437C6E97D5}.Release|ARM.Build.0 = Release|Any CPU
		{1BBB17BD-B997-4526-B531-FE437C6E97D5}.Release|iPhone.ActiveCfg = Release|Any CPU
		{1BBB17BD-B997-4526-B531-FE437C6E97D5}.Release|iPhone.Build.0 = Release|Any CPU
		{1BBB17BD-B997-4526-B531-FE437C6E97D5}.Release|iPhoneSimulator.ActiveCfg = Release|Any CPU
		{1BBB17BD-B997-4526-B531-FE437C6E97D5}.Release|iPhoneSimulator.Build.0 = Release|Any CPU
		{1BBB17BD-B997-4526-B531-FE437C6E97D5}.Release|x64.ActiveCfg = Release|Any CPU
		{1BBB17BD-B997-4526-B531-FE437C6E97D5}.Release|x64.Build.0 = Release|Any CPU
		{1BBB17BD-B997-4526-B531-FE437C6E97D5}.Release|x86.ActiveCfg = Release|Any CPU
		{1BBB17BD-B997-4526-B531-FE437C6E97D5}.Release|x86.Build.0 = Release|Any CPU
		{E960D8C7-0CA7-471D-A12A-0B69C9DDE57E}.Debug|Any CPU.ActiveCfg = Debug|Any CPU
		{E960D8C7-0CA7-471D-A12A-0B69C9DDE57E}.Debug|Any CPU.Build.0 = Debug|Any CPU
		{E960D8C7-0CA7-471D-A12A-0B69C9DDE57E}.Debug|ARM.ActiveCfg = Debug|Any CPU
		{E960D8C7-0CA7-471D-A12A-0B69C9DDE57E}.Debug|ARM.Build.0 = Debug|Any CPU
		{E960D8C7-0CA7-471D-A12A-0B69C9DDE57E}.Debug|iPhone.ActiveCfg = Debug|Any CPU
		{E960D8C7-0CA7-471D-A12A-0B69C9DDE57E}.Debug|iPhone.Build.0 = Debug|Any CPU
		{E960D8C7-0CA7-471D-A12A-0B69C9DDE57E}.Debug|iPhoneSimulator.ActiveCfg = Debug|Any CPU
		{E960D8C7-0CA7-471D-A12A-0B69C9DDE57E}.Debug|iPhoneSimulator.Build.0 = Debug|Any CPU
		{E960D8C7-0CA7-471D-A12A-0B69C9DDE57E}.Debug|x64.ActiveCfg = Debug|Any CPU
		{E960D8C7-0CA7-471D-A12A-0B69C9DDE57E}.Debug|x64.Build.0 = Debug|Any CPU
		{E960D8C7-0CA7-471D-A12A-0B69C9DDE57E}.Debug|x86.ActiveCfg = Debug|Any CPU
		{E960D8C7-0CA7-471D-A12A-0B69C9DDE57E}.Debug|x86.Build.0 = Debug|Any CPU
		{E960D8C7-0CA7-471D-A12A-0B69C9DDE57E}.Release|Any CPU.ActiveCfg = Release|Any CPU
		{E960D8C7-0CA7-471D-A12A-0B69C9DDE57E}.Release|Any CPU.Build.0 = Release|Any CPU
		{E960D8C7-0CA7-471D-A12A-0B69C9DDE57E}.Release|ARM.ActiveCfg = Release|Any CPU
		{E960D8C7-0CA7-471D-A12A-0B69C9DDE57E}.Release|ARM.Build.0 = Release|Any CPU
		{E960D8C7-0CA7-471D-A12A-0B69C9DDE57E}.Release|iPhone.ActiveCfg = Release|Any CPU
		{E960D8C7-0CA7-471D-A12A-0B69C9DDE57E}.Release|iPhone.Build.0 = Release|Any CPU
		{E960D8C7-0CA7-471D-A12A-0B69C9DDE57E}.Release|iPhoneSimulator.ActiveCfg = Release|Any CPU
		{E960D8C7-0CA7-471D-A12A-0B69C9DDE57E}.Release|iPhoneSimulator.Build.0 = Release|Any CPU
		{E960D8C7-0CA7-471D-A12A-0B69C9DDE57E}.Release|x64.ActiveCfg = Release|Any CPU
		{E960D8C7-0CA7-471D-A12A-0B69C9DDE57E}.Release|x64.Build.0 = Release|Any CPU
		{E960D8C7-0CA7-471D-A12A-0B69C9DDE57E}.Release|x86.ActiveCfg = Release|Any CPU
		{E960D8C7-0CA7-471D-A12A-0B69C9DDE57E}.Release|x86.Build.0 = Release|Any CPU
		{30A1964A-C6A7-4C34-AD84-A63A6CD0EAAB}.Debug|Any CPU.ActiveCfg = Debug|Any CPU
		{30A1964A-C6A7-4C34-AD84-A63A6CD0EAAB}.Debug|Any CPU.Build.0 = Debug|Any CPU
		{30A1964A-C6A7-4C34-AD84-A63A6CD0EAAB}.Debug|ARM.ActiveCfg = Debug|Any CPU
		{30A1964A-C6A7-4C34-AD84-A63A6CD0EAAB}.Debug|ARM.Build.0 = Debug|Any CPU
		{30A1964A-C6A7-4C34-AD84-A63A6CD0EAAB}.Debug|iPhone.ActiveCfg = Debug|Any CPU
		{30A1964A-C6A7-4C34-AD84-A63A6CD0EAAB}.Debug|iPhone.Build.0 = Debug|Any CPU
		{30A1964A-C6A7-4C34-AD84-A63A6CD0EAAB}.Debug|iPhoneSimulator.ActiveCfg = Debug|Any CPU
		{30A1964A-C6A7-4C34-AD84-A63A6CD0EAAB}.Debug|iPhoneSimulator.Build.0 = Debug|Any CPU
		{30A1964A-C6A7-4C34-AD84-A63A6CD0EAAB}.Debug|x64.ActiveCfg = Debug|Any CPU
		{30A1964A-C6A7-4C34-AD84-A63A6CD0EAAB}.Debug|x64.Build.0 = Debug|Any CPU
		{30A1964A-C6A7-4C34-AD84-A63A6CD0EAAB}.Debug|x86.ActiveCfg = Debug|Any CPU
		{30A1964A-C6A7-4C34-AD84-A63A6CD0EAAB}.Debug|x86.Build.0 = Debug|Any CPU
		{30A1964A-C6A7-4C34-AD84-A63A6CD0EAAB}.Release|Any CPU.ActiveCfg = Release|Any CPU
		{30A1964A-C6A7-4C34-AD84-A63A6CD0EAAB}.Release|Any CPU.Build.0 = Release|Any CPU
		{30A1964A-C6A7-4C34-AD84-A63A6CD0EAAB}.Release|ARM.ActiveCfg = Release|Any CPU
		{30A1964A-C6A7-4C34-AD84-A63A6CD0EAAB}.Release|ARM.Build.0 = Release|Any CPU
		{30A1964A-C6A7-4C34-AD84-A63A6CD0EAAB}.Release|iPhone.ActiveCfg = Release|Any CPU
		{30A1964A-C6A7-4C34-AD84-A63A6CD0EAAB}.Release|iPhone.Build.0 = Release|Any CPU
		{30A1964A-C6A7-4C34-AD84-A63A6CD0EAAB}.Release|iPhoneSimulator.ActiveCfg = Release|Any CPU
		{30A1964A-C6A7-4C34-AD84-A63A6CD0EAAB}.Release|iPhoneSimulator.Build.0 = Release|Any CPU
		{30A1964A-C6A7-4C34-AD84-A63A6CD0EAAB}.Release|x64.ActiveCfg = Release|Any CPU
		{30A1964A-C6A7-4C34-AD84-A63A6CD0EAAB}.Release|x64.Build.0 = Release|Any CPU
		{30A1964A-C6A7-4C34-AD84-A63A6CD0EAAB}.Release|x86.ActiveCfg = Release|Any CPU
		{30A1964A-C6A7-4C34-AD84-A63A6CD0EAAB}.Release|x86.Build.0 = Release|Any CPU
		{C003101B-9B67-4405-9675-7DC95165A523}.Debug|Any CPU.ActiveCfg = Debug|Any CPU
		{C003101B-9B67-4405-9675-7DC95165A523}.Debug|Any CPU.Build.0 = Debug|Any CPU
		{C003101B-9B67-4405-9675-7DC95165A523}.Debug|ARM.ActiveCfg = Debug|Any CPU
		{C003101B-9B67-4405-9675-7DC95165A523}.Debug|ARM.Build.0 = Debug|Any CPU
		{C003101B-9B67-4405-9675-7DC95165A523}.Debug|iPhone.ActiveCfg = Debug|Any CPU
		{C003101B-9B67-4405-9675-7DC95165A523}.Debug|iPhone.Build.0 = Debug|Any CPU
		{C003101B-9B67-4405-9675-7DC95165A523}.Debug|iPhoneSimulator.ActiveCfg = Debug|Any CPU
		{C003101B-9B67-4405-9675-7DC95165A523}.Debug|iPhoneSimulator.Build.0 = Debug|Any CPU
		{C003101B-9B67-4405-9675-7DC95165A523}.Debug|x64.ActiveCfg = Debug|Any CPU
		{C003101B-9B67-4405-9675-7DC95165A523}.Debug|x64.Build.0 = Debug|Any CPU
		{C003101B-9B67-4405-9675-7DC95165A523}.Debug|x86.ActiveCfg = Debug|Any CPU
		{C003101B-9B67-4405-9675-7DC95165A523}.Debug|x86.Build.0 = Debug|Any CPU
		{C003101B-9B67-4405-9675-7DC95165A523}.Release|Any CPU.ActiveCfg = Release|Any CPU
		{C003101B-9B67-4405-9675-7DC95165A523}.Release|Any CPU.Build.0 = Release|Any CPU
		{C003101B-9B67-4405-9675-7DC95165A523}.Release|ARM.ActiveCfg = Release|Any CPU
		{C003101B-9B67-4405-9675-7DC95165A523}.Release|ARM.Build.0 = Release|Any CPU
		{C003101B-9B67-4405-9675-7DC95165A523}.Release|iPhone.ActiveCfg = Release|Any CPU
		{C003101B-9B67-4405-9675-7DC95165A523}.Release|iPhone.Build.0 = Release|Any CPU
		{C003101B-9B67-4405-9675-7DC95165A523}.Release|iPhoneSimulator.ActiveCfg = Release|Any CPU
		{C003101B-9B67-4405-9675-7DC95165A523}.Release|iPhoneSimulator.Build.0 = Release|Any CPU
		{C003101B-9B67-4405-9675-7DC95165A523}.Release|x64.ActiveCfg = Release|Any CPU
		{C003101B-9B67-4405-9675-7DC95165A523}.Release|x64.Build.0 = Release|Any CPU
		{C003101B-9B67-4405-9675-7DC95165A523}.Release|x86.ActiveCfg = Release|Any CPU
		{C003101B-9B67-4405-9675-7DC95165A523}.Release|x86.Build.0 = Release|Any CPU
	EndGlobalSection
	GlobalSection(SolutionProperties) = preSolution
		HideSolutionNode = FALSE
	EndGlobalSection
	GlobalSection(NestedProjects) = preSolution
		{AB4C11CB-A1D7-4AB5-952E-2D4C32E67455} = {1CFDF249-E41A-4B3B-8E25-4C39F1A25C45}
		{1BBB17BD-B997-4526-B531-FE437C6E97D5} = {1CFDF249-E41A-4B3B-8E25-4C39F1A25C45}
		{E960D8C7-0CA7-471D-A12A-0B69C9DDE57E} = {1CFDF249-E41A-4B3B-8E25-4C39F1A25C45}
	EndGlobalSection
	GlobalSection(ExtensibilityGlobals) = postSolution
		SolutionGuid = {01089630-CFF5-4922-B5EF-A5825D3A5E16}
	EndGlobalSection
EndGlobal
